<?xml version="1.0" encoding="utf-8"?>
<Project ToolsVersion="4.0" xmlns="http://schemas.microsoft.com/developer/msbuild/2003">
  <ItemGroup>
    <Filter Include="Source Files">
      <UniqueIdentifier>{74250ae4-4a5e-4f1e-bd64-6ced0977384f}</UniqueIdentifier>
      <Extensions>cpp;c;cxx;rc;def;r;odl;idl;hpj;bat</Extensions>
    </Filter>
    <Filter Include="Header Files">
      <UniqueIdentifier>{307d981b-ec3e-47a5-893e-b1579f88c958}</UniqueIdentifier>
      <Extensions>h;hpp;hxx;hm;inl</Extensions>
    </Filter>
    <Filter Include="Resource Files">
      <UniqueIdentifier>{f3fc2e96-d236-4b12-8f51-252277405edf}</UniqueIdentifier>
      <Extensions>ico;cur;bmp;dlg;rc2;rct;bin;cnt;rtf;gif;jpg;jpeg;jpe</Extensions>
    </Filter>
  </ItemGroup>
  <ItemGroup>
    <ClCompile Include="CPListView.cpp">
      <Filter>Source Files</Filter>
    </ClCompile>
    <ClCompile Include="CallGraphView.cpp">
      <Filter>Source Files</Filter>
    </ClCompile>
    <ClCompile Include="ChildFrm.cpp">
      <Filter>Source Files</Filter>
    </ClCompile>
    <ClCompile Include="ClassInfo.cpp">
      <Filter>Source Files</Filter>
    </ClCompile>
    <ClCompile Include="ClassProp.cpp">
      <Filter>Source Files</Filter>
    </ClCompile>
    <ClCompile Include="ClasspathDialog.cpp">
      <Filter>Source Files</Filter>
    </ClCompile>
    <ClCompile Include="CommonFrame.cpp">
      <Filter>Source Files</Filter>
    </ClCompile>
    <ClCompile Include="DClassView.cpp">
      <Filter>Source Files</Filter>
    </ClCompile>
    <ClCompile Include="FolderDialog.cpp">
      <Filter>Source Files</Filter>
    </ClCompile>
    <ClCompile Include="FormatEdit.cpp">
      <Filter>Source Files</Filter>
    </ClCompile>
    <ClCompile Include="Graphman.cpp">
      <Filter>Source Files</Filter>
    </ClCompile>
    <ClCompile Include="JarClassListView.cpp">
      <Filter>Source Files</Filter>
    </ClCompile>
    <ClCompile Include="JarDialog.cpp">
      <Filter>Source Files</Filter>
    </ClCompile>
    <ClCompile Include="JarDoc.cpp">
      <Filter>Source Files</Filter>
    </ClCompile>
    <ClCompile Include="JarListView.cpp">
      <Filter>Source Files</Filter>
    </ClCompile>
    <ClCompile Include="MFView.cpp">
      <Filter>Source Files</Filter>
    </ClCompile>
    <ClCompile Include="MainFrm.cpp">
      <Filter>Source Files</Filter>
    </ClCompile>
    <ClCompile Include="NormalChildFrm.cpp">
      <Filter>Source Files</Filter>
    </ClCompile>
    <ClCompile Include="PieView.cpp">
      <Filter>Source Files</Filter>
    </ClCompile>
    <ClCompile Include="SPLIT.CPP">
      <Filter>Source Files</Filter>
    </ClCompile>
    <ClCompile Include="Splshwnd.cpp">
      <Filter>Source Files</Filter>
    </ClCompile>
    <ClCompile Include="StdAfx.cpp">
      <Filter>Source Files</Filter>
    </ClCompile>
    <ClCompile Include="TreeScrollView.cpp">
      <Filter>Source Files</Filter>
    </ClCompile>
    <ClCompile Include="codeview.cpp">
      <Filter>Source Files</Filter>
    </ClCompile>
    <ClCompile Include="jdepends.cpp">
      <Filter>Source Files</Filter>
    </ClCompile>
    <ClCompile Include="jdependsDoc.cpp">
      <Filter>Source Files</Filter>
    </ClCompile>
    <ClCompile Include="jdependsView.cpp">
      <Filter>Source Files</Filter>
    </ClCompile>
  </ItemGroup>
  <ItemGroup>
    <ResourceCompile Include="jdepends.rc">
      <Filter>Source Files</Filter>
    </ResourceCompile>
  </ItemGroup>
  <ItemGroup>
    <ClInclude Include="CGFrame.h">
      <Filter>Header Files</Filter>
    </ClInclude>
    <ClInclude Include="CPListView.h">
      <Filter>Header Files</Filter>
    </ClInclude>
    <ClInclude Include="CallGraphView.h">
      <Filter>Header Files</Filter>
    </ClInclude>
    <ClInclude Include="ChildFrm.h">
      <Filter>Header Files</Filter>
    </ClInclude>
    <ClInclude Include="ClassInfo.h">
      <Filter>Header Files</Filter>
    </ClInclude>
    <ClInclude Include="ClassProp.h">
      <Filter>Header Files</Filter>
    </ClInclude>
    <ClInclude Include="ClasspathDialog.h">
      <Filter>Header Files</Filter>
    </ClInclude>
    <ClInclude Include="CodeView.h">
      <Filter>Header Files</Filter>
    </ClInclude>
    <ClInclude Include="CreditWnd.h">
      <Filter>Header Files</Filter>
    </ClInclude>
    <ClInclude Include="FolderDialog.h">
      <Filter>Header Files</Filter>
    </ClInclude>
    <ClInclude Include="FormatEdit.h">
      <Filter>Header Files</Filter>
    </ClInclude>
    <ClInclude Include="JarClassListView.h">
      <Filter>Header Files</Filter>
    </ClInclude>
    <ClInclude Include="JarDoc.h">
      <Filter>Header Files</Filter>
    </ClInclude>
    <ClInclude Include="JarListView.h">
      <Filter>Header Files</Filter>
    </ClInclude>
    <ClInclude Include="MFView.h">
      <Filter>Header Files</Filter>
    </ClInclude>
    <ClInclude Include="MainFrm.h">
      <Filter>Header Files</Filter>
    </ClInclude>
    <ClInclude Include="NormalChildFrm.h">
      <Filter>Header Files</Filter>
    </ClInclude>
    <ClInclude Include="PieView.h">
      <Filter>Header Files</Filter>
    </ClInclude>
    <ClInclude Include="Resource.h">
      <Filter>Header Files</Filter>
    </ClInclude>
    <ClInclude Include="StdAfx.h">
      <Filter>Header Files</Filter>
    </ClInclude>
    <ClInclude Include="TitleWnd.h">
      <Filter>Header Files</Filter>
    </ClInclude>
    <ClInclude Include="TreeScrollView.h">
      <Filter>Header Files</Filter>
    </ClInclude>
    <ClInclude Include="jdepends.h">
      <Filter>Header Files</Filter>
    </ClInclude>
    <ClInclude Include="jdependsDoc.h">
      <Filter>Header Files</Filter>
    </ClInclude>
    <ClInclude Include="jdependsView.h">
      <Filter>Header Files</Filter>
    </ClInclude>
  </ItemGroup>
  <ItemGroup>
    <Image Include="res\Toolbar.bmp">
      <Filter>Resource Files</Filter>
    </Image>
    <Image Include="res\bitmap1.bmp">
      <Filter>Resource Files</Filter>
    </Image>
    <Image Include="res\earth.bmp">
      <Filter>Resource Files</Filter>
    </Image>
    <Image Include="res\icon1.ico">
      <Filter>Resource Files</Filter>
    </Image>
    <Image Include="res\icon2.ico">
      <Filter>Resource Files</Filter>
    </Image>
    <Image Include="res\j.ico">
      <Filter>Resource Files</Filter>
    </Image>
    <Image Include="res\joc.ico">
      <Filter>Resource Files</Filter>
    </Image>
    <Image Include="res\toolbar1.bmp">
      <Filter>Resource Files</Filter>
    </Image>
  </ItemGroup>
  <ItemGroup>
    <None Include="res\jdepends.rc2">
      <Filter>Resource Files</Filter>
    </None>
    <None Include="JarDialog.htm" />
  </ItemGroup>
  <ItemGroup>
    <Text Include="ReadMe.txt" />
  </ItemGroup>
</Project>